// !$*UTF8*$!
{
	archiveVersion = 1;
	classes = {
	};
	objectVersion = 46;
	objects = {

/* Begin PBXBuildFile section */
		2F145FF61CFFDB050031685C /* main.m in Sources */ = {isa = PBXBuildFile; fileRef = 2F145FF51CFFDB050031685C /* main.m */; };
		2F145FFE1CFFDB430031685C /* Teacher.m in Sources */ = {isa = PBXBuildFile; fileRef = 2F145FFD1CFFDB430031685C /* Teacher.m */; };
		2F1460011CFFDB4F0031685C /* Student.m in Sources */ = {isa = PBXBuildFile; fileRef = 2F1460001CFFDB4F0031685C /* Student.m */; };
		2F1460071CFFEA950031685C /* Book.m in Sources */ = {isa = PBXBuildFile; fileRef = 2F1460061CFFEA950031685C /* Book.m */; };
/* End PBXBuildFile section */

/* Begin PBXCopyFilesBuildPhase section */
		2F145FF01CFFDB050031685C /* CopyFiles */ = {
			isa = PBXCopyFilesBuildPhase;
			buildActionMask = 2147483647;
			dstPath = /usr/share/man/man1/;
			dstSubfolderSpec = 0;
			files = (
			);
			runOnlyForDeploymentPostprocessing = 1;
		};
/* End PBXCopyFilesBuildPhase section */

/* Begin PBXFileReference section */
		2F145FF21CFFDB050031685C /* KVC-Demo */ = {isa = PBXFileReference; explicitFileType = "compiled.mach-o.executable"; includeInIndex = 0; path = "KVC-Demo"; sourceTree = BUILT_PRODUCTS_DIR; };
		2F145FF51CFFDB050031685C /* main.m */ = {isa = PBXFileReference; lastKnownFileType = sourcecode.c.objc; path = main.m; sourceTree = "<group>"; };
		2F145FFC1CFFDB430031685C /* Teacher.h */ = {isa = PBXFileReference; fileEncoding = 4; lastKnownFileType = sourcecode.c.h; path = Teacher.h; sourceTree = "<group>"; };
		2F145FFD1CFFDB430031685C /* Teacher.m */ = {isa = PBXFileReference; fileEncoding = 4; lastKnownFileType = sourcecode.c.objc; path = Teacher.m; sourceTree = "<group>"; };
		2F145FFF1CFFDB4F0031685C /* Student.h */ = {isa = PBXFileReference; fileEncoding = 4; lastKnownFileType = sourcecode.c.h; path = Student.h; sourceTree = "<group>"; };
		2F1460001CFFDB4F0031685C /* Student.m */ = {isa = PBXFileReference; fileEncoding = 4; lastKnownFileType = sourcecode.c.objc; path = Student.m; sourceTree = "<group>"; };
		2F1460051CFFEA950031685C /* Book.h */ = {isa = PBXFileReference; fileEncoding = 4; lastKnownFileType = sourcecode.c.h; path = Book.h; sourceTree = "<group>"; };
		2F1460061CFFEA950031685C /* Book.m */ = {isa = PBXFileReference; fileEncoding = 4; lastKnownFileType = sourcecode.c.objc; path = Book.m; sourceTree = "<group>"; };
/* End PBXFileReference section */

/* Begin PBXFrameworksBuildPhase section */
		2F145FEF1CFFDB050031685C /* Frameworks */ = {
			isa = PBXFrameworksBuildPhase;
			buildActionMask = 2147483647;
			files = (
			);
			runOnlyForDeploymentPostprocessing = 0;
		};
/* End PBXFrameworksBuildPhase section */

/* Begin PBXGroup section */
		2F145FE91CFFDB050031685C = {
			isa = PBXGroup;
			children = (
				2F145FF41CFFDB050031685C /* KVC-Demo */,
				2F145FF31CFFDB050031685C /* Products */,
			);
			sourceTree = "<group>";
		};
		2F145FF31CFFDB050031685C /* Products */ = {
			isa = PBXGroup;
			children = (
				2F145FF21CFFDB050031685C /* KVC-Demo */,
			);
			name = Products;
			sourceTree = "<group>";
		};
		2F145FF41CFFDB050031685C /* KVC-Demo */ = {
			isa = PBXGroup;
			children = (
				2F145FF51CFFDB050031685C /* main.m */,
				2F145FFC1CFFDB430031685C /* Teacher.h */,
				2F145FFD1CFFDB430031685C /* Teacher.m */,
				2F145FFF1CFFDB4F0031685C /* Student.h */,
				2F1460001CFFDB4F0031685C /* Student.m */,
				2F1460051CFFEA950031685C /* Book.h */,
				2F1460061CFFEA950031685C /* Book.m */,
			);
			path = "KVC-Demo";
			sourceTree = "<group>";
		};
/* End PBXGroup section */

/* Begin PBXNativeTarget section */
		2F145FF11CFFDB050031685C /* KVC-Demo */ = {
			isa = PBXNativeTarget;
			buildConfigurationList = 2F145FF91CFFDB050031685C /* Build configuration list for PBXNativeTarget "KVC-Demo" */;
			buildPhases = (
				2F145FEE1CFFDB050031685C /* Sources */,
				2F145FEF1CFFDB050031685C /* Frameworks */,
				2F145FF01CFFDB050031685C /* CopyFiles */,
			);
			buildRules = (
			);
			dependencies = (
			);
			name = "KVC-Demo";
			productName = "KVC-Demo";
			productReference = 2F145FF21CFFDB050031685C /* KVC-Demo */;
			productType = "com.apple.product-type.tool";
		};
/* End PBXNativeTarget section */

/* Begin PBXProject section */
		2F145FEA1CFFDB050031685C /* Project object */ = {
			isa = PBXProject;
			attributes = {
				LastUpgradeCheck = 0730;
				ORGANIZATIONNAME = LeeJay;
				TargetAttributes = {
					2F145FF11CFFDB050031685C = {
						CreatedOnToolsVersion = 7.3.1;
					};
				};
			};
			buildConfigurationList = 2F145FED1CFFDB050031685C /* Build configuration list for PBXProject "KVC-Demo" */;
			compatibilityVersion = "Xcode 3.2";
			developmentRegion = English;
			hasScannedForEncodings = 0;
			knownRegions = (
				en,
			);
			mainGroup = 2F145FE91CFFDB050031685C;
			productRefGroup = 2F145FF31CFFDB050031685C /* Products */;
			projectDirPath = "";
			projectRoot = "";
			targets = (
				2F145FF11CFFDB050031685C /* KVC-Demo */,
			);
		};
/* End PBXProject section */

/* Begin PBXSourcesBuildPhase section */
		2F145FEE1CFFDB050031685C /* Sources */ = {
			isa = PBXSourcesBuildPhase;
			buildActionMask = 2147483647;
			files = (
				2F1460071CFFEA950031685C /* Book.m in Sources */,
				2F145FFE1CFFDB430031685C /* Teacher.m in Sources */,
				2F145FF61CFFDB050031685C /* main.m in Sources */,
				2F1460011CFFDB4F0031685C /* Student.m in Sources */,
			);
			runOnlyForDeploymentPostprocessing = 0;
		};
/* End PBXSourcesBuildPhase section */

/* Begin XCBuildConfiguration section */
		2F145FF71CFFDB050031685C /* Debug */ = {
			isa = XCBuildConfiguration;
			buildSettings = {
				ALWAYS_SEARCH_USER_PATHS = NO;
				CLANG_ANALYZER_NONNULL = YES;
				CLANG_CXX_LANGUAGE_STANDARD = "gnu++0x";
				CLANG_CXX_LIBRARY = "libc++";
				CLANG_ENABLE_MODULES = YES;
				CLANG_ENABLE_OBJC_ARC = YES;
				CLANG_WARN_BOOL_CONVERSION = YES;
				CLANG_WARN_CONSTANT_CONVERSION = YES;
				CLANG_WARN_DIRECT_OBJC_ISA_USAGE = YES_ERROR;
				CLANG_WARN_EMPTY_BODY = YES;
				CLANG_WARN_ENUM_CONVERSION = YES;
				CLANG_WARN_INT_CONVERSION = YES;
				CLANG_WARN_OBJC_ROOT_CLASS = YES_ERROR;
				CLANG_WARN_UNREACHABLE_CODE = YES;
				CLANG_WARN__DUPLICATE_METHOD_MATCH = YES;
				CODE_SIGN_IDENTITY = "-";
				COPY_PHASE_STRIP = NO;
				DEBUG_INFORMATION_FORMAT = dwarf;
				ENABLE_STRICT_OBJC_MSGSEND = YES;
				ENABLE_TESTABILITY = YES;
				GCC_C_LANGUAGE_STANDARD = gnu99;
				GCC_DYNAMIC_NO_PIC = NO;
				GCC_NO_COMMON_BLOCKS = YES;
				GCC_OPTIMIZATION_LEVEL = 0;
				GCC_PREPROCESSOR_DEFINITIONS = (
					"DEBUG=1",
					"$(inherited)",
				);
				GCC_WARN_64_TO_32_BIT_CONVERSION = YES;
				GCC_WARN_ABOUT_RETURN_TYPE = YES_ERROR;
				GCC_WARN_UNDECLARED_SELECTOR = YES;
				GCC_WARN_UNINITIALIZED_AUTOS = YES_AGGRESSIVE;
				GCC_WARN_UNUSED_FUNCTION = YES;
				GCC_WARN_UNUSED_VARIABLE = YES;
				MACOSX_DEPLOYMENT_TARGET = 10.11;
				MTL_ENABLE_DEBUG_INFO = YES;
				ONLY_ACTIVE_ARCH = YES;
				SDKROOT = macosx;
			};
			name = Debug;
		};
		2F145FF81CFFDB050031685C /* Release */ = {
			isa = XCBuildConfiguration;
			buildSettings = {
				ALWAYS_SEARCH_USER_PATHS = NO;
				CLANG_ANALYZER_NONNULL = YES;
				CLANG_CXX_LANGUAGE_STANDARD = "gnu++0x";
				CLANG_CXX_LIBRARY = "libc++";
				CLANG_ENABLE_MODULES = YES;
				CLANG_ENABLE_OBJC_ARC = YES;
				CLANG_WARN_BOOL_CONVERSION = YES;
				CLANG_WARN_CONSTANT_CONVERSION = YES;
				CLANG_WARN_DIRECT_OBJC_ISA_USAGE = YES_ERROR;
				CLANG_WARN_EMPTY_BODY = YES;
				CLANG_WARN_ENUM_CONVERSION = YES;
				CLANG_WARN_INT_CONVERSION = YES;
				CLANG_WARN_OBJC_ROOT_CLASS = YES_ERROR;
				CLANG_WARN_UNREACHABLE_CODE = YES;
				CLANG_WARN__DUPLICATE_METHOD_MATCH = YES;
				CODE_SIGN_IDENTITY = "-";
				COPY_PHASE_STRIP = NO;
				DEBUG_INFORMATION_FORMAT = "dwarf-with-dsym";
				ENABLE_NS_ASSERTIONS = NO;
				ENABLE_STRICT_OBJC_MSGSEND = YES;
				GCC_C_LANGUAGE_STANDARD = gnu99;
				GCC_NO_COMMON_BLOCKS = YES;
				GCC_WARN_64_TO_32_BIT_CONVERSION = YES;
				GCC_WARN_ABOUT_RETURN_TYPE = YES_ERROR;
				GCC_WARN_UNDECLARED_SELECTOR = YES;
				GCC_WARN_UNINITIALIZED_AUTOS = YES_AGGRESSIVE;
				GCC_WARN_UNUSED_FUNCTION = YES;
				GCC_WARN_UNUSED_VARIABLE = YES;
				MACOSX_DEPLOYMENT_TARGET = 10.11;
				MTL_ENABLE_DEBUG_INFO = NO;
				SDKROOT = macosx;
			};
			name = Release;
		};
		2F145FFA1CFFDB050031685C /* Debug */ = {
			isa = XCBuildConfiguration;
			buildSettings = {
				PRODUCT_NAME = "$(TARGET_NAME)";
			};
			name = Debug;
		};
		2F145FFB1CFFDB050031685C /* Release */ = {
			isa = XCBuildConfiguration;
			buildSettings = {
				PRODUCT_NAME = "$(TARGET_NAME)";
			};
			name = Release;
		};
/* End XCBuildConfiguration section */

/* Begin XCConfigurationList section */
		2F145FED1CFFDB050031685C /* Build configuration list for PBXProject "KVC-Demo" */ = {
			isa = XCConfigurationList;
			buildConfigurations = (
				2F145FF71CFFDB050031685C /* Debug */,
				2F145FF81CFFDB050031685C /* Release */,
			);
			defaultConfigurationIsVisible = 0;
			defaultConfigurationName = Release;
		};
		2F145FF91CFFDB050031685C /* Build configuration list for PBXNativeTarget "KVC-Demo" */ = {
			isa = XCConfigurationList;
			buildConfigurations = (
				2F145FFA1CFFDB050031685C /* Debug */,
				2F145FFB1CFFDB050031685C /* Release */,
			);
			defaultConfigurationIsVisible = 0;
			defaultConfigurationName = Release;
		};
/* End XCConfigurationList section */
	};
	rootObject = 2F145FEA1CFFDB050031685C /* Project object */;
}
